
Microsoft Visual Studio Solution File, Format Version 12.00
# Visual Studio 2013
VisualStudioVersion = 12.0.40629.0
MinimumVisualStudioVersion = 10.0.40219.1
Project("{2150E333-8FDC-42A3-9474-1A3956D46DE8}") = "Win", "Win", "{E9AA0F63-9B4C-4A5F-BDE7-6D178148C429}"
EndProject
Project("{FAE04EC0-301F-11D3-BF4B-00C04F79EFBC}") = "iHRM.Win", "iHRM-Win\iHRM.Win\iHRM.Win.csproj", "{19B3DDFC-5EB8-494D-A7B6-8ECE0AC669DC}"
EndProject
Project("{2150E333-8FDC-42A3-9474-1A3956D46DE8}") = "Core", "Core", "{992CE409-03B1-42FF-A1E3-C5E68545B36B}"
EndProject
Project("{FAE04EC0-301F-11D3-BF4B-00C04F79EFBC}") = "iHRM.Common", "iHRM.Core\Common\iHRM.Common.csproj", "{120CAAE4-814A-43F4-8969-5753D51F8C94}"
EndProject
Project("{2150E333-8FDC-42A3-9474-1A3956D46DE8}") = "ExtClass", "ExtClass", "{7FC984D3-9EED-4A08-BA84-337216FAD08B}"
EndProject
Project("{2150E333-8FDC-42A3-9474-1A3956D46DE8}") = "BiOMatrix", "BiOMatrix", "{54D72DA2-A433-4822-914D-948693A4B765}"
EndProject
Project("{FAE04EC0-301F-11D3-BF4B-00C04F79EFBC}") = "AttMachineCore", "MayChamCong_Manager\AttMachineCore\AttMachineCore.csproj", "{4EE3902F-1316-4014-AE35-82610038798C}"
EndProject
Project("{FAE04EC0-301F-11D3-BF4B-00C04F79EFBC}") = "SetupAttMachine", "SetupAttMachine\SetupAttMachine\SetupAttMachine.csproj", "{758BA291-5909-4F39-8EB9-ACADDF75AD92}"
EndProject
Project("{FAE04EC0-301F-11D3-BF4B-00C04F79EFBC}") = "SyncSV", "SyncSV_MCC\SyncSV.csproj", "{B00C81B0-3BBA-4BC6-8860-2FD3AAB6EA23}"
EndProject
Project("{FAE04EC0-301F-11D3-BF4B-00C04F79EFBC}") = "PSM_Class", "Class\PSM_Class\PSM_Class.csproj", "{36AA23D6-AE9E-443E-B836-FE5990DB37EF}"
EndProject
Project("{FAE04EC0-301F-11D3-BF4B-00C04F79EFBC}") = "iHRM.Core", "iHRM.Core\Data\iHRM.Core.csproj", "{A7A94F86-E9F6-439E-8D41-5D25832444ED}"
EndProject
Global
	GlobalSection(SolutionConfigurationPlatforms) = preSolution
		Debug|Any CPU = Debug|Any CPU
		Debug|Mixed Platforms = Debug|Mixed Platforms
		Debug|x64 = Debug|x64
		Debug|x86 = Debug|x86
		Release|Any CPU = Release|Any CPU
		Release|Mixed Platforms = Release|Mixed Platforms
		Release|x64 = Release|x64
		Release|x86 = Release|x86
	EndGlobalSection
	GlobalSection(ProjectConfigurationPlatforms) = postSolution
		{19B3DDFC-5EB8-494D-A7B6-8ECE0AC669DC}.Debug|Any CPU.ActiveCfg = Debug|Any CPU
		{19B3DDFC-5EB8-494D-A7B6-8ECE0AC669DC}.Debug|Any CPU.Build.0 = Debug|Any CPU
		{19B3DDFC-5EB8-494D-A7B6-8ECE0AC669DC}.Debug|Mixed Platforms.ActiveCfg = Debug|Any CPU
		{19B3DDFC-5EB8-494D-A7B6-8ECE0AC669DC}.Debug|Mixed Platforms.Build.0 = Debug|Any CPU
		{19B3DDFC-5EB8-494D-A7B6-8ECE0AC669DC}.Debug|x64.ActiveCfg = Debug|Any CPU
		{19B3DDFC-5EB8-494D-A7B6-8ECE0AC669DC}.Debug|x64.Build.0 = Debug|Any CPU
		{19B3DDFC-5EB8-494D-A7B6-8ECE0AC669DC}.Debug|x86.ActiveCfg = Debug|Any CPU
		{19B3DDFC-5EB8-494D-A7B6-8ECE0AC669DC}.Debug|x86.Build.0 = Debug|Any CPU
		{19B3DDFC-5EB8-494D-A7B6-8ECE0AC669DC}.Release|Any CPU.ActiveCfg = Release|Any CPU
		{19B3DDFC-5EB8-494D-A7B6-8ECE0AC669DC}.Release|Any CPU.Build.0 = Release|Any CPU
		{19B3DDFC-5EB8-494D-A7B6-8ECE0AC669DC}.Release|Mixed Platforms.ActiveCfg = Release|Any CPU
		{19B3DDFC-5EB8-494D-A7B6-8ECE0AC669DC}.Release|Mixed Platforms.Build.0 = Release|Any CPU
		{19B3DDFC-5EB8-494D-A7B6-8ECE0AC669DC}.Release|x64.ActiveCfg = Release|Any CPU
		{19B3DDFC-5EB8-494D-A7B6-8ECE0AC669DC}.Release|x64.Build.0 = Release|Any CPU
		{19B3DDFC-5EB8-494D-A7B6-8ECE0AC669DC}.Release|x86.ActiveCfg = Release|Any CPU
		{19B3DDFC-5EB8-494D-A7B6-8ECE0AC669DC}.Release|x86.Build.0 = Release|Any CPU
		{120CAAE4-814A-43F4-8969-5753D51F8C94}.Debug|Any CPU.ActiveCfg = Debug|Any CPU
		{120CAAE4-814A-43F4-8969-5753D51F8C94}.Debug|Any CPU.Build.0 = Debug|Any CPU
		{120CAAE4-814A-43F4-8969-5753D51F8C94}.Debug|Mixed Platforms.ActiveCfg = Debug|Any CPU
		{120CAAE4-814A-43F4-8969-5753D51F8C94}.Debug|Mixed Platforms.Build.0 = Debug|Any CPU
		{120CAAE4-814A-43F4-8969-5753D51F8C94}.Debug|x64.ActiveCfg = Debug|Any CPU
		{120CAAE4-814A-43F4-8969-5753D51F8C94}.Debug|x64.Build.0 = Debug|Any CPU
		{120CAAE4-814A-43F4-8969-5753D51F8C94}.Debug|x86.ActiveCfg = Debug|Any CPU
		{120CAAE4-814A-43F4-8969-5753D51F8C94}.Debug|x86.Build.0 = Debug|Any CPU
		{120CAAE4-814A-43F4-8969-5753D51F8C94}.Release|Any CPU.ActiveCfg = Release|Any CPU
		{120CAAE4-814A-43F4-8969-5753D51F8C94}.Release|Any CPU.Build.0 = Release|Any CPU
		{120CAAE4-814A-43F4-8969-5753D51F8C94}.Release|Mixed Platforms.ActiveCfg = Release|Any CPU
		{120CAAE4-814A-43F4-8969-5753D51F8C94}.Release|Mixed Platforms.Build.0 = Release|Any CPU
		{120CAAE4-814A-43F4-8969-5753D51F8C94}.Release|x64.ActiveCfg = Release|Any CPU
		{120CAAE4-814A-43F4-8969-5753D51F8C94}.Release|x64.Build.0 = Release|Any CPU
		{120CAAE4-814A-43F4-8969-5753D51F8C94}.Release|x86.ActiveCfg = Release|Any CPU
		{120CAAE4-814A-43F4-8969-5753D51F8C94}.Release|x86.Build.0 = Release|Any CPU
		{4EE3902F-1316-4014-AE35-82610038798C}.Debug|Any CPU.ActiveCfg = Debug|Any CPU
		{4EE3902F-1316-4014-AE35-82610038798C}.Debug|Any CPU.Build.0 = Debug|Any CPU
		{4EE3902F-1316-4014-AE35-82610038798C}.Debug|Mixed Platforms.ActiveCfg = Debug|Any CPU
		{4EE3902F-1316-4014-AE35-82610038798C}.Debug|Mixed Platforms.Build.0 = Debug|Any CPU
		{4EE3902F-1316-4014-AE35-82610038798C}.Debug|x64.ActiveCfg = Debug|Any CPU
		{4EE3902F-1316-4014-AE35-82610038798C}.Debug|x64.Build.0 = Debug|Any CPU
		{4EE3902F-1316-4014-AE35-82610038798C}.Debug|x86.ActiveCfg = Debug|Any CPU
		{4EE3902F-1316-4014-AE35-82610038798C}.Debug|x86.Build.0 = Debug|Any CPU
		{4EE3902F-1316-4014-AE35-82610038798C}.Release|Any CPU.ActiveCfg = Release|Any CPU
		{4EE3902F-1316-4014-AE35-82610038798C}.Release|Any CPU.Build.0 = Release|Any CPU
		{4EE3902F-1316-4014-AE35-82610038798C}.Release|Mixed Platforms.ActiveCfg = Release|Any CPU
		{4EE3902F-1316-4014-AE35-82610038798C}.Release|Mixed Platforms.Build.0 = Release|Any CPU
		{4EE3902F-1316-4014-AE35-82610038798C}.Release|x64.ActiveCfg = Release|Any CPU
		{4EE3902F-1316-4014-AE35-82610038798C}.Release|x64.Build.0 = Release|Any CPU
		{4EE3902F-1316-4014-AE35-82610038798C}.Release|x86.ActiveCfg = Release|Any CPU
		{4EE3902F-1316-4014-AE35-82610038798C}.Release|x86.Build.0 = Release|Any CPU
		{758BA291-5909-4F39-8EB9-ACADDF75AD92}.Debug|Any CPU.ActiveCfg = Debug|Any CPU
		{758BA291-5909-4F39-8EB9-ACADDF75AD92}.Debug|Any CPU.Build.0 = Debug|Any CPU
		{758BA291-5909-4F39-8EB9-ACADDF75AD92}.Debug|Mixed Platforms.ActiveCfg = Debug|Any CPU
		{758BA291-5909-4F39-8EB9-ACADDF75AD92}.Debug|Mixed Platforms.Build.0 = Debug|Any CPU
		{758BA291-5909-4F39-8EB9-ACADDF75AD92}.Debug|x64.ActiveCfg = Debug|Any CPU
		{758BA291-5909-4F39-8EB9-ACADDF75AD92}.Debug|x64.Build.0 = Debug|Any CPU
		{758BA291-5909-4F39-8EB9-ACADDF75AD92}.Debug|x86.ActiveCfg = Debug|Any CPU
		{758BA291-5909-4F39-8EB9-ACADDF75AD92}.Debug|x86.Build.0 = Debug|Any CPU
		{758BA291-5909-4F39-8EB9-ACADDF75AD92}.Release|Any CPU.ActiveCfg = Release|Any CPU
		{758BA291-5909-4F39-8EB9-ACADDF75AD92}.Release|Any CPU.Build.0 = Release|Any CPU
		{758BA291-5909-4F39-8EB9-ACADDF75AD92}.Release|Mixed Platforms.ActiveCfg = Release|Any CPU
		{758BA291-5909-4F39-8EB9-ACADDF75AD92}.Release|Mixed Platforms.Build.0 = Release|Any CPU
		{758BA291-5909-4F39-8EB9-ACADDF75AD92}.Release|x64.ActiveCfg = Release|Any CPU
		{758BA291-5909-4F39-8EB9-ACADDF75AD92}.Release|x64.Build.0 = Release|Any CPU
		{758BA291-5909-4F39-8EB9-ACADDF75AD92}.Release|x86.ActiveCfg = Release|Any CPU
		{758BA291-5909-4F39-8EB9-ACADDF75AD92}.Release|x86.Build.0 = Release|Any CPU
		{B00C81B0-3BBA-4BC6-8860-2FD3AAB6EA23}.Debug|Any CPU.ActiveCfg = Debug|x86
		{B00C81B0-3BBA-4BC6-8860-2FD3AAB6EA23}.Debug|Mixed Platforms.ActiveCfg = Debug|x64
		{B00C81B0-3BBA-4BC6-8860-2FD3AAB6EA23}.Debug|Mixed Platforms.Build.0 = Debug|x64
		{B00C81B0-3BBA-4BC6-8860-2FD3AAB6EA23}.Debug|x64.ActiveCfg = Debug|x64
		{B00C81B0-3BBA-4BC6-8860-2FD3AAB6EA23}.Debug|x64.Build.0 = Debug|x64
		{B00C81B0-3BBA-4BC6-8860-2FD3AAB6EA23}.Debug|x86.ActiveCfg = Debug|x86
		{B00C81B0-3BBA-4BC6-8860-2FD3AAB6EA23}.Debug|x86.Build.0 = Debug|x86
		{B00C81B0-3BBA-4BC6-8860-2FD3AAB6EA23}.Release|Any CPU.ActiveCfg = Release|x86
		{B00C81B0-3BBA-4BC6-8860-2FD3AAB6EA23}.Release|Mixed Platforms.ActiveCfg = Release|x86
		{B00C81B0-3BBA-4BC6-8860-2FD3AAB6EA23}.Release|Mixed Platforms.Build.0 = Release|x86
		{B00C81B0-3BBA-4BC6-8860-2FD3AAB6EA23}.Release|x64.ActiveCfg = Release|x64
		{B00C81B0-3BBA-4BC6-8860-2FD3AAB6EA23}.Release|x64.Build.0 = Release|x64
		{B00C81B0-3BBA-4BC6-8860-2FD3AAB6EA23}.Release|x86.ActiveCfg = Release|x86
		{B00C81B0-3BBA-4BC6-8860-2FD3AAB6EA23}.Release|x86.Build.0 = Release|x86
		{36AA23D6-AE9E-443E-B836-FE5990DB37EF}.Debug|Any CPU.ActiveCfg = Debug|Any CPU
		{36AA23D6-AE9E-443E-B836-FE5990DB37EF}.Debug|Any CPU.Build.0 = Debug|Any CPU
		{36AA23D6-AE9E-443E-B836-FE5990DB37EF}.Debug|Mixed Platforms.ActiveCfg = Debug|Any CPU
		{36AA23D6-AE9E-443E-B836-FE5990DB37EF}.Debug|Mixed Platforms.Build.0 = Debug|Any CPU
		{36AA23D6-AE9E-443E-B836-FE5990DB37EF}.Debug|x64.ActiveCfg = Debug|Any CPU
		{36AA23D6-AE9E-443E-B836-FE5990DB37EF}.Debug|x64.Build.0 = Debug|Any CPU
		{36AA23D6-AE9E-443E-B836-FE5990DB37EF}.Debug|x86.ActiveCfg = Debug|Any CPU
		{36AA23D6-AE9E-443E-B836-FE5990DB37EF}.Debug|x86.Build.0 = Debug|Any CPU
		{36AA23D6-AE9E-443E-B836-FE5990DB37EF}.Release|Any CPU.ActiveCfg = Release|Any CPU
		{36AA23D6-AE9E-443E-B836-FE5990DB37EF}.Release|Any CPU.Build.0 = Release|Any CPU
		{36AA23D6-AE9E-443E-B836-FE5990DB37EF}.Release|Mixed Platforms.ActiveCfg = Release|Any CPU
		{36AA23D6-AE9E-443E-B836-FE5990DB37EF}.Release|Mixed Platforms.Build.0 = Release|Any CPU
		{36AA23D6-AE9E-443E-B836-FE5990DB37EF}.Release|x64.ActiveCfg = Release|Any CPU
		{36AA23D6-AE9E-443E-B836-FE5990DB37EF}.Release|x64.Build.0 = Release|Any CPU
		{36AA23D6-AE9E-443E-B836-FE5990DB37EF}.Release|x86.ActiveCfg = Release|Any CPU
		{36AA23D6-AE9E-443E-B836-FE5990DB37EF}.Release|x86.Build.0 = Release|Any CPU
		{A7A94F86-E9F6-439E-8D41-5D25832444ED}.Debug|Any CPU.ActiveCfg = Debug|Any CPU
		{A7A94F86-E9F6-439E-8D41-5D25832444ED}.Debug|Any CPU.Build.0 = Debug|Any CPU
		{A7A94F86-E9F6-439E-8D41-5D25832444ED}.Debug|Mixed Platforms.ActiveCfg = Debug|Any CPU
		{A7A94F86-E9F6-439E-8D41-5D25832444ED}.Debug|Mixed Platforms.Build.0 = Debug|Any CPU
		{A7A94F86-E9F6-439E-8D41-5D25832444ED}.Debug|x64.ActiveCfg = Debug|Any CPU
		{A7A94F86-E9F6-439E-8D41-5D25832444ED}.Debug|x64.Build.0 = Debug|Any CPU
		{A7A94F86-E9F6-439E-8D41-5D25832444ED}.Debug|x86.ActiveCfg = Debug|Any CPU
		{A7A94F86-E9F6-439E-8D41-5D25832444ED}.Debug|x86.Build.0 = Debug|Any CPU
		{A7A94F86-E9F6-439E-8D41-5D25832444ED}.Release|Any CPU.ActiveCfg = Release|Any CPU
		{A7A94F86-E9F6-439E-8D41-5D25832444ED}.Release|Any CPU.Build.0 = Release|Any CPU
		{A7A94F86-E9F6-439E-8D41-5D25832444ED}.Release|Mixed Platforms.ActiveCfg = Release|Any CPU
		{A7A94F86-E9F6-439E-8D41-5D25832444ED}.Release|Mixed Platforms.Build.0 = Release|Any CPU
		{A7A94F86-E9F6-439E-8D41-5D25832444ED}.Release|x64.ActiveCfg = Release|Any CPU
		{A7A94F86-E9F6-439E-8D41-5D25832444ED}.Release|x64.Build.0 = Release|Any CPU
		{A7A94F86-E9F6-439E-8D41-5D25832444ED}.Release|x86.ActiveCfg = Release|Any CPU
		{A7A94F86-E9F6-439E-8D41-5D25832444ED}.Release|x86.Build.0 = Release|Any CPU
	EndGlobalSection
	GlobalSection(SolutionProperties) = preSolution
		HideSolutionNode = FALSE
	EndGlobalSection
	GlobalSection(NestedProjects) = preSolution
		{19B3DDFC-5EB8-494D-A7B6-8ECE0AC669DC} = {E9AA0F63-9B4C-4A5F-BDE7-6D178148C429}
		{120CAAE4-814A-43F4-8969-5753D51F8C94} = {992CE409-03B1-42FF-A1E3-C5E68545B36B}
		{7FC984D3-9EED-4A08-BA84-337216FAD08B} = {E9AA0F63-9B4C-4A5F-BDE7-6D178148C429}
		{4EE3902F-1316-4014-AE35-82610038798C} = {54D72DA2-A433-4822-914D-948693A4B765}
		{758BA291-5909-4F39-8EB9-ACADDF75AD92} = {E9AA0F63-9B4C-4A5F-BDE7-6D178148C429}
		{B00C81B0-3BBA-4BC6-8860-2FD3AAB6EA23} = {E9AA0F63-9B4C-4A5F-BDE7-6D178148C429}
		{36AA23D6-AE9E-443E-B836-FE5990DB37EF} = {7FC984D3-9EED-4A08-BA84-337216FAD08B}
		{A7A94F86-E9F6-439E-8D41-5D25832444ED} = {992CE409-03B1-42FF-A1E3-C5E68545B36B}
	EndGlobalSection
EndGlobal
